
Microsoft Visual Studio Solution File, Format Version 12.00
# Visual Studio Version 17
VisualStudioVersion = 17.5.33516.290
MinimumVisualStudioVersion = 10.0.40219.1
Project("{FAE04EC0-301F-11D3-BF4B-00C04F79EFBC}") = "work2", "work2.csproj", "{EA4D0DBD-F387-46F8-92DD-4FE5DDBD0691}"
EndProject
Global
	GlobalSection(SolutionConfigurationPlatforms) = preSolution
		Debug|Any CPU = Debug|Any CPU
		Release|Any CPU = Release|Any CPU
	EndGlobalSection
	GlobalSection(ProjectConfigurationPlatforms) = postSolution
		{EA4D0DBD-F387-46F8-92DD-4FE5DDBD0691}.Debug|Any CPU.ActiveCfg = Debug|Any CPU
		{EA4D0DBD-F387-46F8-92DD-4FE5DDBD0691}.Debug|Any CPU.Build.0 = Debug|Any CPU
		{EA4D0DBD-F387-46F8-92DD-4FE5DDBD0691}.Release|Any CPU.ActiveCfg = Release|Any CPU
		{EA4D0DBD-F387-46F8-92DD-4FE5DDBD0691}.Release|Any CPU.Build.0 = Release|Any CPU
	EndGlobalSection
	GlobalSection(SolutionProperties) = preSolution
		HideSolutionNode = FALSE
	EndGlobalSection
	GlobalSection(ExtensibilityGlobals) = postSolution
		SolutionGuid = {7B0F29AE-CBB8-4EAF-94F5-1CEADA1D03D7}
	EndGlobalSection
EndGlobal
