
Microsoft Visual Studio Solution File, Format Version 12.00
# Visual Studio Version 17
VisualStudioVersion = 17.5.33516.290
MinimumVisualStudioVersion = 10.0.40219.1
Project("{FAE04EC0-301F-11D3-BF4B-00C04F79EFBC}") = "calculator1", "calculator1.csproj", "{81F04C9E-C48E-492A-91B2-BE2D9CF6C76B}"
EndProject
Global
	GlobalSection(SolutionConfigurationPlatforms) = preSolution
		Debug|Any CPU = Debug|Any CPU
		Release|Any CPU = Release|Any CPU
	EndGlobalSection
	GlobalSection(ProjectConfigurationPlatforms) = postSolution
		{81F04C9E-C48E-492A-91B2-BE2D9CF6C76B}.Debug|Any CPU.ActiveCfg = Debug|Any CPU
		{81F04C9E-C48E-492A-91B2-BE2D9CF6C76B}.Debug|Any CPU.Build.0 = Debug|Any CPU
		{81F04C9E-C48E-492A-91B2-BE2D9CF6C76B}.Release|Any CPU.ActiveCfg = Release|Any CPU
		{81F04C9E-C48E-492A-91B2-BE2D9CF6C76B}.Release|Any CPU.Build.0 = Release|Any CPU
	EndGlobalSection
	GlobalSection(SolutionProperties) = preSolution
		HideSolutionNode = FALSE
	EndGlobalSection
	GlobalSection(ExtensibilityGlobals) = postSolution
		SolutionGuid = {A2B9BC4D-72D4-48E9-BED6-73265AB1CF57}
	EndGlobalSection
EndGlobal
