
Microsoft Visual Studio Solution File, Format Version 12.00
# Visual Studio Version 17
VisualStudioVersion = 17.9.34622.214
MinimumVisualStudioVersion = 10.0.40219.1
Project("{FAE04EC0-301F-11D3-BF4B-00C04F79EFBC}") = "work4", "work4.csproj", "{ED26EED1-63AD-4DDF-B0E3-23A76053DB6B}"
EndProject
Global
	GlobalSection(SolutionConfigurationPlatforms) = preSolution
		Debug|Any CPU = Debug|Any CPU
		Release|Any CPU = Release|Any CPU
	EndGlobalSection
	GlobalSection(ProjectConfigurationPlatforms) = postSolution
		{ED26EED1-63AD-4DDF-B0E3-23A76053DB6B}.Debug|Any CPU.ActiveCfg = Debug|Any CPU
		{ED26EED1-63AD-4DDF-B0E3-23A76053DB6B}.Debug|Any CPU.Build.0 = Debug|Any CPU
		{ED26EED1-63AD-4DDF-B0E3-23A76053DB6B}.Release|Any CPU.ActiveCfg = Release|Any CPU
		{ED26EED1-63AD-4DDF-B0E3-23A76053DB6B}.Release|Any CPU.Build.0 = Release|Any CPU
	EndGlobalSection
	GlobalSection(SolutionProperties) = preSolution
		HideSolutionNode = FALSE
	EndGlobalSection
	GlobalSection(ExtensibilityGlobals) = postSolution
		SolutionGuid = {477050A2-07A3-48E1-8FF8-0532778D1657}
	EndGlobalSection
EndGlobal
