
Microsoft Visual Studio Solution File, Format Version 12.00
# Visual Studio Version 17
VisualStudioVersion = 17.9.34622.214
MinimumVisualStudioVersion = 10.0.40219.1
Project("{FAE04EC0-301F-11D3-BF4B-00C04F79EFBC}") = "work2", "work2.csproj", "{F61723D7-9EF2-4652-80C9-7DD932838A85}"
EndProject
Global
	GlobalSection(SolutionConfigurationPlatforms) = preSolution
		Debug|Any CPU = Debug|Any CPU
		Release|Any CPU = Release|Any CPU
	EndGlobalSection
	GlobalSection(ProjectConfigurationPlatforms) = postSolution
		{F61723D7-9EF2-4652-80C9-7DD932838A85}.Debug|Any CPU.ActiveCfg = Debug|Any CPU
		{F61723D7-9EF2-4652-80C9-7DD932838A85}.Debug|Any CPU.Build.0 = Debug|Any CPU
		{F61723D7-9EF2-4652-80C9-7DD932838A85}.Release|Any CPU.ActiveCfg = Release|Any CPU
		{F61723D7-9EF2-4652-80C9-7DD932838A85}.Release|Any CPU.Build.0 = Release|Any CPU
	EndGlobalSection
	GlobalSection(SolutionProperties) = preSolution
		HideSolutionNode = FALSE
	EndGlobalSection
	GlobalSection(ExtensibilityGlobals) = postSolution
		SolutionGuid = {78B40D1F-FD5E-497D-9004-234CC5CD0DD8}
	EndGlobalSection
EndGlobal
